// !$*UTF8*$!
{
	archiveVersion = 1;
	classes = {
	};
	objectVersion = 46;
	objects = {

/* Begin PBXBuildFile section */
		69C98E94442EE162DCBC012A /* Pods.framework in Frameworks */ = {isa = PBXBuildFile; fileRef = 7535F74881E309AD9B181B24 /* Pods.framework */; settings = {ATTRIBUTES = (Weak, ); }; };
		8907404B1B594255005CB3FF /* YelpAPI.swift in Sources */ = {isa = PBXBuildFile; fileRef = 8907404A1B594255005CB3FF /* YelpAPI.swift */; };
		891A6A3A1B57EAAA0046FCE8 /* Restaurant.swift in Sources */ = {isa = PBXBuildFile; fileRef = 891A6A361B57EAAA0046FCE8 /* Restaurant.swift */; };
		8937B40C1B55505700AD568F /* AppDelegate.swift in Sources */ = {isa = PBXBuildFile; fileRef = 8937B40B1B55505700AD568F /* AppDelegate.swift */; };
		8937B40F1B55505700AD568F /* Terserah.xcdatamodeld in Sources */ = {isa = PBXBuildFile; fileRef = 8937B40D1B55505700AD568F /* Terserah.xcdatamodeld */; };
		8937B4111B55505700AD568F /* ViewController.swift in Sources */ = {isa = PBXBuildFile; fileRef = 8937B4101B55505700AD568F /* ViewController.swift */; };
		8937B4141B55505700AD568F /* Main.storyboard in Resources */ = {isa = PBXBuildFile; fileRef = 8937B4121B55505700AD568F /* Main.storyboard */; };
		8937B4161B55505700AD568F /* Images.xcassets in Resources */ = {isa = PBXBuildFile; fileRef = 8937B4151B55505700AD568F /* Images.xcassets */; };
		8937B4191B55505700AD568F /* LaunchScreen.xib in Resources */ = {isa = PBXBuildFile; fileRef = 8937B4171B55505700AD568F /* LaunchScreen.xib */; };
		8937B4251B55505700AD568F /* TerserahTests.swift in Sources */ = {isa = PBXBuildFile; fileRef = 8937B4241B55505700AD568F /* TerserahTests.swift */; };
		8937B4321B55575900AD568F /* MapKit.framework in Frameworks */ = {isa = PBXBuildFile; fileRef = 8937B4311B55575900AD568F /* MapKit.framework */; };
		898F861C1B5D66E8004EB3E7 /* CustomAnnotationView.swift in Sources */ = {isa = PBXBuildFile; fileRef = 898F861B1B5D66E8004EB3E7 /* CustomAnnotationView.swift */; };
		898F861E1B5D70EB004EB3E7 /* customAnnotation.swift in Sources */ = {isa = PBXBuildFile; fileRef = 898F861D1B5D70EB004EB3E7 /* customAnnotation.swift */; };
		898F86201B5D76E2004EB3E7 /* bread.png in Resources */ = {isa = PBXBuildFile; fileRef = 898F861F1B5D76E2004EB3E7 /* bread.png */; };
		898F86221B5D79C1004EB3E7 /* customPointAnnotation.swift in Sources */ = {isa = PBXBuildFile; fileRef = 898F86211B5D79C1004EB3E7 /* customPointAnnotation.swift */; };
		89DD29A21B612BD9001490CC /* appIcon.png in Resources */ = {isa = PBXBuildFile; fileRef = 89DD29A11B612BD9001490CC /* appIcon.png */; };
		89DD29A71B615CF8001490CC /* navigationBarViewController.swift in Sources */ = {isa = PBXBuildFile; fileRef = 89DD29A61B615CF8001490CC /* navigationBarViewController.swift */; };
		89DD29A91B6161CD001490CC /* TransitOperator.swift in Sources */ = {isa = PBXBuildFile; fileRef = 89DD29A81B6161CD001490CC /* TransitOperator.swift */; };
		89DD29AB1B61627C001490CC /* NavigationCell.swift in Sources */ = {isa = PBXBuildFile; fileRef = 89DD29AA1B61627C001490CC /* NavigationCell.swift */; };
/* End PBXBuildFile section */

/* Begin PBXContainerItemProxy section */
		8937B41F1B55505700AD568F /* PBXContainerItemProxy */ = {
			isa = PBXContainerItemProxy;
			containerPortal = 8937B3FE1B55505700AD568F /* Project object */;
			proxyType = 1;
			remoteGlobalIDString = 8937B4051B55505700AD568F;
			remoteInfo = Terserah;
		};
/* End PBXContainerItemProxy section */

/* Begin PBXFileReference section */
		4C5234D27C52A3C567B07947 /* Pods.debug.xcconfig */ = {isa = PBXFileReference; includeInIndex = 1; lastKnownFileType = text.xcconfig; name = Pods.debug.xcconfig; path = "Pods/Target Support Files/Pods/Pods.debug.xcconfig"; sourceTree = "<group>"; };
		7535F74881E309AD9B181B24 /* Pods.framework */ = {isa = PBXFileReference; explicitFileType = wrapper.framework; includeInIndex = 0; path = Pods.framework; sourceTree = BUILT_PRODUCTS_DIR; };
		8903C2411B56D66800047634 /* OAuthSwift_Bridging_Header.h */ = {isa = PBXFileReference; fileEncoding = 4; lastKnownFileType = sourcecode.c.h; path = OAuthSwift_Bridging_Header.h; sourceTree = "<group>"; };
		8907404A1B594255005CB3FF /* YelpAPI.swift */ = {isa = PBXFileReference; fileEncoding = 4; lastKnownFileType = sourcecode.swift; path = YelpAPI.swift; sourceTree = "<group>"; };
		891A6A361B57EAAA0046FCE8 /* Restaurant.swift */ = {isa = PBXFileReference; fileEncoding = 4; lastKnownFileType = sourcecode.swift; path = Restaurant.swift; sourceTree = "<group>"; };
		891A6A3F1B58004D0046FCE8 /* Terserah-Bridging-Header.h */ = {isa = PBXFileReference; fileEncoding = 4; lastKnownFileType = sourcecode.c.h; path = "Terserah-Bridging-Header.h"; sourceTree = "<group>"; };
		8937B4061B55505700AD568F /* Terserah.app */ = {isa = PBXFileReference; explicitFileType = wrapper.application; includeInIndex = 0; path = Terserah.app; sourceTree = BUILT_PRODUCTS_DIR; };
		8937B40A1B55505700AD568F /* Info.plist */ = {isa = PBXFileReference; lastKnownFileType = text.plist.xml; path = Info.plist; sourceTree = "<group>"; };
		8937B40B1B55505700AD568F /* AppDelegate.swift */ = {isa = PBXFileReference; lastKnownFileType = sourcecode.swift; path = AppDelegate.swift; sourceTree = "<group>"; };
		8937B40E1B55505700AD568F /* Terserah.xcdatamodel */ = {isa = PBXFileReference; lastKnownFileType = wrapper.xcdatamodel; path = Terserah.xcdatamodel; sourceTree = "<group>"; };
		8937B4101B55505700AD568F /* ViewController.swift */ = {isa = PBXFileReference; lastKnownFileType = sourcecode.swift; name = ViewController.swift; path = ../ViewController.swift; sourceTree = "<group>"; };
		8937B4131B55505700AD568F /* Base */ = {isa = PBXFileReference; lastKnownFileType = file.storyboard; name = Base; path = Base.lproj/Main.storyboard; sourceTree = "<group>"; };
		8937B4151B55505700AD568F /* Images.xcassets */ = {isa = PBXFileReference; lastKnownFileType = folder.assetcatalog; path = Images.xcassets; sourceTree = "<group>"; };
		8937B4181B55505700AD568F /* Base */ = {isa = PBXFileReference; lastKnownFileType = file.xib; name = Base; path = Base.lproj/LaunchScreen.xib; sourceTree = "<group>"; };
		8937B41E1B55505700AD568F /* TerserahTests.xctest */ = {isa = PBXFileReference; explicitFileType = wrapper.cfbundle; includeInIndex = 0; path = TerserahTests.xctest; sourceTree = BUILT_PRODUCTS_DIR; };
		8937B4231B55505700AD568F /* Info.plist */ = {isa = PBXFileReference; lastKnownFileType = text.plist.xml; path = Info.plist; sourceTree = "<group>"; };
		8937B4241B55505700AD568F /* TerserahTests.swift */ = {isa = PBXFileReference; lastKnownFileType = sourcecode.swift; path = TerserahTests.swift; sourceTree = "<group>"; };
		8937B4311B55575900AD568F /* MapKit.framework */ = {isa = PBXFileReference; lastKnownFileType = wrapper.framework; name = MapKit.framework; path = System/Library/Frameworks/MapKit.framework; sourceTree = SDKROOT; };
		89420E311B56F90700579D89 /* AFNetworking.framework */ = {isa = PBXFileReference; lastKnownFileType = wrapper.framework; name = AFNetworking.framework; path = "Pods/../build/Debug-iphoneos/Pods-Terserah/AFNetworking.framework"; sourceTree = "<group>"; };
		898F861B1B5D66E8004EB3E7 /* CustomAnnotationView.swift */ = {isa = PBXFileReference; fileEncoding = 4; lastKnownFileType = sourcecode.swift; name = CustomAnnotationView.swift; path = ../Controller/CustomAnnotationView.swift; sourceTree = "<group>"; };
		898F861D1B5D70EB004EB3E7 /* customAnnotation.swift */ = {isa = PBXFileReference; fileEncoding = 4; lastKnownFileType = sourcecode.swift; path = customAnnotation.swift; sourceTree = "<group>"; };
		898F861F1B5D76E2004EB3E7 /* bread.png */ = {isa = PBXFileReference; lastKnownFileType = image.png; name = bread.png; path = Images.xcassets/MarkerIcon/bread.imageset/bread.png; sourceTree = "<group>"; };
		898F86211B5D79C1004EB3E7 /* customPointAnnotation.swift */ = {isa = PBXFileReference; fileEncoding = 4; lastKnownFileType = sourcecode.swift; name = customPointAnnotation.swift; path = Terserah/Class/customPointAnnotation.swift; sourceTree = "<group>"; };
		89DD29A11B612BD9001490CC /* appIcon.png */ = {isa = PBXFileReference; lastKnownFileType = image.png; name = appIcon.png; path = ../../../Desktop/appIcon.png; sourceTree = "<group>"; };
		89DD29A51B612FB2001490CC /* KGBlankSpaceSketch.ttf */ = {isa = PBXFileReference; lastKnownFileType = file; name = KGBlankSpaceSketch.ttf; path = ../../../Downloads/KGBlankSpace/KGBlankSpaceSketch.ttf; sourceTree = "<group>"; };
		89DD29A61B615CF8001490CC /* navigationBarViewController.swift */ = {isa = PBXFileReference; fileEncoding = 4; lastKnownFileType = sourcecode.swift; path = navigationBarViewController.swift; sourceTree = "<group>"; };
		89DD29A81B6161CD001490CC /* TransitOperator.swift */ = {isa = PBXFileReference; fileEncoding = 4; lastKnownFileType = sourcecode.swift; path = TransitOperator.swift; sourceTree = "<group>"; };
		89DD29AA1B61627C001490CC /* NavigationCell.swift */ = {isa = PBXFileReference; fileEncoding = 4; lastKnownFileType = sourcecode.swift; path = NavigationCell.swift; sourceTree = "<group>"; };
		A3AFB9A3C8ADA31BAC78FA4B /* Pods.release.xcconfig */ = {isa = PBXFileReference; includeInIndex = 1; lastKnownFileType = text.xcconfig; name = Pods.release.xcconfig; path = "Pods/Target Support Files/Pods/Pods.release.xcconfig"; sourceTree = "<group>"; };
/* End PBXFileReference section */

/* Begin PBXFrameworksBuildPhase section */
		8937B4031B55505700AD568F /* Frameworks */ = {
			isa = PBXFrameworksBuildPhase;
			buildActionMask = 2147483647;
			files = (
				8937B4321B55575900AD568F /* MapKit.framework in Frameworks */,
				69C98E94442EE162DCBC012A /* Pods.framework in Frameworks */,
			);
			runOnlyForDeploymentPostprocessing = 0;
		};
		8937B41B1B55505700AD568F /* Frameworks */ = {
			isa = PBXFrameworksBuildPhase;
			buildActionMask = 2147483647;
			files = (
			);
			runOnlyForDeploymentPostprocessing = 0;
		};
/* End PBXFrameworksBuildPhase section */

/* Begin PBXGroup section */
		72D11E752F06E177C3C5CDB4 /* Pods */ = {
			isa = PBXGroup;
			children = (
				4C5234D27C52A3C567B07947 /* Pods.debug.xcconfig */,
				A3AFB9A3C8ADA31BAC78FA4B /* Pods.release.xcconfig */,
			);
			name = Pods;
			sourceTree = "<group>";
		};
		890740491B594237005CB3FF /* API */ = {
			isa = PBXGroup;
			children = (
				8907404A1B594255005CB3FF /* YelpAPI.swift */,
			);
			path = API;
			sourceTree = "<group>";
		};
		891A6A351B57EAAA0046FCE8 /* Class */ = {
			isa = PBXGroup;
			children = (
				891A6A361B57EAAA0046FCE8 /* Restaurant.swift */,
				898F861D1B5D70EB004EB3E7 /* customAnnotation.swift */,
				89DD29AA1B61627C001490CC /* NavigationCell.swift */,
			);
			path = Class;
			sourceTree = "<group>";
		};
		891A6A371B57EAAA0046FCE8 /* Controller */ = {
			isa = PBXGroup;
			children = (
				8937B4101B55505700AD568F /* ViewController.swift */,
				89DD29A61B615CF8001490CC /* navigationBarViewController.swift */,
			);
			path = Controller;
			sourceTree = "<group>";
		};
		891A6A381B57EAAA0046FCE8 /* Model */ = {
			isa = PBXGroup;
			children = (
			);
			path = Model;
			sourceTree = "<group>";
		};
		891A6A391B57EAAA0046FCE8 /* View */ = {
			isa = PBXGroup;
			children = (
				898F861B1B5D66E8004EB3E7 /* CustomAnnotationView.swift */,
			);
			path = View;
			sourceTree = "<group>";
		};
		8937B3FD1B55505700AD568F = {
			isa = PBXGroup;
			children = (
				898F86211B5D79C1004EB3E7 /* customPointAnnotation.swift */,
				8903C2411B56D66800047634 /* OAuthSwift_Bridging_Header.h */,
				8937B4311B55575900AD568F /* MapKit.framework */,
				8937B4081B55505700AD568F /* Terserah */,
				8937B4211B55505700AD568F /* TerserahTests */,
				8937B4071B55505700AD568F /* Products */,
				B8D9B43CAD5B9ADC71BF43F2 /* Frameworks */,
				72D11E752F06E177C3C5CDB4 /* Pods */,
			);
			sourceTree = "<group>";
		};
		8937B4071B55505700AD568F /* Products */ = {
			isa = PBXGroup;
			children = (
				8937B4061B55505700AD568F /* Terserah.app */,
				8937B41E1B55505700AD568F /* TerserahTests.xctest */,
			);
			name = Products;
			sourceTree = "<group>";
		};
		8937B4081B55505700AD568F /* Terserah */ = {
			isa = PBXGroup;
			children = (
				890740491B594237005CB3FF /* API */,
				891A6A3F1B58004D0046FCE8 /* Terserah-Bridging-Header.h */,
				891A6A351B57EAAA0046FCE8 /* Class */,
				891A6A371B57EAAA0046FCE8 /* Controller */,
				891A6A381B57EAAA0046FCE8 /* Model */,
				891A6A391B57EAAA0046FCE8 /* View */,
				8937B40B1B55505700AD568F /* AppDelegate.swift */,
				8937B4121B55505700AD568F /* Main.storyboard */,
				8937B4151B55505700AD568F /* Images.xcassets */,
				8937B4171B55505700AD568F /* LaunchScreen.xib */,
				8937B40D1B55505700AD568F /* Terserah.xcdatamodeld */,
				8937B4091B55505700AD568F /* Supporting Files */,
				89DD29A81B6161CD001490CC /* TransitOperator.swift */,
			);
			path = Terserah;
			sourceTree = "<group>";
		};
		8937B4091B55505700AD568F /* Supporting Files */ = {
			isa = PBXGroup;
			children = (
				89DD29A51B612FB2001490CC /* KGBlankSpaceSketch.ttf */,
				89DD29A11B612BD9001490CC /* appIcon.png */,
				898F861F1B5D76E2004EB3E7 /* bread.png */,
				8937B40A1B55505700AD568F /* Info.plist */,
			);
			name = "Supporting Files";
			sourceTree = "<group>";
		};
		8937B4211B55505700AD568F /* TerserahTests */ = {
			isa = PBXGroup;
			children = (
				8937B4241B55505700AD568F /* TerserahTests.swift */,
				8937B4221B55505700AD568F /* Supporting Files */,
			);
			path = TerserahTests;
			sourceTree = "<group>";
		};
		8937B4221B55505700AD568F /* Supporting Files */ = {
			isa = PBXGroup;
			children = (
				8937B4231B55505700AD568F /* Info.plist */,
			);
			name = "Supporting Files";
			sourceTree = "<group>";
		};
		895AE7791B56F10D00C215E7 /* Target Support Files */ = {
			isa = PBXGroup;
			children = (
			);
			name = "Target Support Files";
			path = "Terserah/Pods/Target Support Files";
			sourceTree = "<group>";
		};
		B8D9B43CAD5B9ADC71BF43F2 /* Frameworks */ = {
			isa = PBXGroup;
			children = (
				89420E311B56F90700579D89 /* AFNetworking.framework */,
				895AE7791B56F10D00C215E7 /* Target Support Files */,
				7535F74881E309AD9B181B24 /* Pods.framework */,
			);
			name = Frameworks;
			sourceTree = "<group>";
		};
/* End PBXGroup section */

/* Begin PBXNativeTarget section */
		8937B4051B55505700AD568F /* Terserah */ = {
			isa = PBXNativeTarget;
			buildConfigurationList = 8937B4281B55505700AD568F /* Build configuration list for PBXNativeTarget "Terserah" */;
			buildPhases = (
				7259FFCF1EB49274BF7FB441 /* Check Pods Manifest.lock */,
				8937B4021B55505700AD568F /* Sources */,
				8937B4031B55505700AD568F /* Frameworks */,
				8937B4041B55505700AD568F /* Resources */,
				1D87673C681E2B1BFA7B6E30 /* Embed Pods Frameworks */,
				FC4AFC48025B01D58F8F52D5 /* Copy Pods Resources */,
			);
			buildRules = (
			);
			dependencies = (
			);
			name = Terserah;
			productName = Terserah;
			productReference = 8937B4061B55505700AD568F /* Terserah.app */;
			productType = "com.apple.product-type.application";
		};
		8937B41D1B55505700AD568F /* TerserahTests */ = {
			isa = PBXNativeTarget;
			buildConfigurationList = 8937B42B1B55505700AD568F /* Build configuration list for PBXNativeTarget "TerserahTests" */;
			buildPhases = (
				8937B41A1B55505700AD568F /* Sources */,
				8937B41B1B55505700AD568F /* Frameworks */,
				8937B41C1B55505700AD568F /* Resources */,
			);
			buildRules = (
			);
			dependencies = (
				8937B4201B55505700AD568F /* PBXTargetDependency */,
			);
			name = TerserahTests;
			productName = TerserahTests;
			productReference = 8937B41E1B55505700AD568F /* TerserahTests.xctest */;
			productType = "com.apple.product-type.bundle.unit-test";
		};
/* End PBXNativeTarget section */

/* Begin PBXProject section */
		8937B3FE1B55505700AD568F /* Project object */ = {
			isa = PBXProject;
			attributes = {
				LastUpgradeCheck = 0630;
				ORGANIZATIONNAME = "Febria Roosita Dwi";
				TargetAttributes = {
					8937B4051B55505700AD568F = {
						CreatedOnToolsVersion = 6.3.2;
						SystemCapabilities = {
							com.apple.Maps.iOS = {
								enabled = 1;
							};
						};
					};
					8937B41D1B55505700AD568F = {
						CreatedOnToolsVersion = 6.3.2;
						TestTargetID = 8937B4051B55505700AD568F;
					};
				};
			};
			buildConfigurationList = 8937B4011B55505700AD568F /* Build configuration list for PBXProject "Terserah" */;
			compatibilityVersion = "Xcode 3.2";
			developmentRegion = English;
			hasScannedForEncodings = 0;
			knownRegions = (
				en,
				Base,
			);
			mainGroup = 8937B3FD1B55505700AD568F;
			productRefGroup = 8937B4071B55505700AD568F /* Products */;
			projectDirPath = "";
			projectRoot = "";
			targets = (
				8937B4051B55505700AD568F /* Terserah */,
				8937B41D1B55505700AD568F /* TerserahTests */,
			);
		};
/* End PBXProject section */

/* Begin PBXResourcesBuildPhase section */
		8937B4041B55505700AD568F /* Resources */ = {
			isa = PBXResourcesBuildPhase;
			buildActionMask = 2147483647;
			files = (
				8937B4141B55505700AD568F /* Main.storyboard in Resources */,
				8937B4191B55505700AD568F /* LaunchScreen.xib in Resources */,
				898F86201B5D76E2004EB3E7 /* bread.png in Resources */,
				8937B4161B55505700AD568F /* Images.xcassets in Resources */,
				89DD29A21B612BD9001490CC /* appIcon.png in Resources */,
			);
			runOnlyForDeploymentPostprocessing = 0;
		};
		8937B41C1B55505700AD568F /* Resources */ = {
			isa = PBXResourcesBuildPhase;
			buildActionMask = 2147483647;
			files = (
			);
			runOnlyForDeploymentPostprocessing = 0;
		};
/* End PBXResourcesBuildPhase section */

/* Begin PBXShellScriptBuildPhase section */
		1D87673C681E2B1BFA7B6E30 /* Embed Pods Frameworks */ = {
			isa = PBXShellScriptBuildPhase;
			buildActionMask = 2147483647;
			files = (
			);
			inputPaths = (
			);
			name = "Embed Pods Frameworks";
			outputPaths = (
			);
			runOnlyForDeploymentPostprocessing = 0;
			shellPath = /bin/sh;
			shellScript = "\"${SRCROOT}/Pods/Target Support Files/Pods/Pods-frameworks.sh\"\n";
			showEnvVarsInLog = 0;
		};
		7259FFCF1EB49274BF7FB441 /* Check Pods Manifest.lock */ = {
			isa = PBXShellScriptBuildPhase;
			buildActionMask = 2147483647;
			files = (
			);
			inputPaths = (
			);
			name = "Check Pods Manifest.lock";
			outputPaths = (
			);
			runOnlyForDeploymentPostprocessing = 0;
			shellPath = /bin/sh;
			shellScript = "diff \"${PODS_ROOT}/../Podfile.lock\" \"${PODS_ROOT}/Manifest.lock\" > /dev/null\nif [[ $? != 0 ]] ; then\n    cat << EOM\nerror: The sandbox is not in sync with the Podfile.lock. Run 'pod install' or update your CocoaPods installation.\nEOM\n    exit 1\nfi\n";
			showEnvVarsInLog = 0;
		};
		FC4AFC48025B01D58F8F52D5 /* Copy Pods Resources */ = {
			isa = PBXShellScriptBuildPhase;
			buildActionMask = 2147483647;
			files = (
			);
			inputPaths = (
			);
			name = "Copy Pods Resources";
			outputPaths = (
			);
			runOnlyForDeploymentPostprocessing = 0;
			shellPath = /bin/sh;
			shellScript = "\"${SRCROOT}/Pods/Target Support Files/Pods/Pods-resources.sh\"\n";
			showEnvVarsInLog = 0;
		};
/* End PBXShellScriptBuildPhase section */

/* Begin PBXSourcesBuildPhase section */
		8937B4021B55505700AD568F /* Sources */ = {
			isa = PBXSourcesBuildPhase;
			buildActionMask = 2147483647;
			files = (
				8907404B1B594255005CB3FF /* YelpAPI.swift in Sources */,
				89DD29A91B6161CD001490CC /* TransitOperator.swift in Sources */,
				891A6A3A1B57EAAA0046FCE8 /* Restaurant.swift in Sources */,
				8937B4111B55505700AD568F /* ViewController.swift in Sources */,
				8937B40C1B55505700AD568F /* AppDelegate.swift in Sources */,
				898F861C1B5D66E8004EB3E7 /* CustomAnnotationView.swift in Sources */,
				898F861E1B5D70EB004EB3E7 /* customAnnotation.swift in Sources */,
				89DD29A71B615CF8001490CC /* navigationBarViewController.swift in Sources */,
				89DD29AB1B61627C001490CC /* NavigationCell.swift in Sources */,
				898F86221B5D79C1004EB3E7 /* customPointAnnotation.swift in Sources */,
				8937B40F1B55505700AD568F /* Terserah.xcdatamodeld in Sources */,
			);
			runOnlyForDeploymentPostprocessing = 0;
		};
		8937B41A1B55505700AD568F /* Sources */ = {
			isa = PBXSourcesBuildPhase;
			buildActionMask = 2147483647;
			files = (
				8937B4251B55505700AD568F /* TerserahTests.swift in Sources */,
			);
			runOnlyForDeploymentPostprocessing = 0;
		};
/* End PBXSourcesBuildPhase section */

/* Begin PBXTargetDependency section */
		8937B4201B55505700AD568F /* PBXTargetDependency */ = {
			isa = PBXTargetDependency;
			target = 8937B4051B55505700AD568F /* Terserah */;
			targetProxy = 8937B41F1B55505700AD568F /* PBXContainerItemProxy */;
		};
/* End PBXTargetDependency section */

/* Begin PBXVariantGroup section */
		8937B4121B55505700AD568F /* Main.storyboard */ = {
			isa = PBXVariantGroup;
			children = (
				8937B4131B55505700AD568F /* Base */,
			);
			name = Main.storyboard;
			sourceTree = "<group>";
		};
		8937B4171B55505700AD568F /* LaunchScreen.xib */ = {
			isa = PBXVariantGroup;
			children = (
				8937B4181B55505700AD568F /* Base */,
			);
			name = LaunchScreen.xib;
			sourceTree = "<group>";
		};
/* End PBXVariantGroup section */

/* Begin XCBuildConfiguration section */
		8937B4261B55505700AD568F /* Debug */ = {
			isa = XCBuildConfiguration;
			buildSettings = {
				ALWAYS_SEARCH_USER_PATHS = NO;
				CLANG_CXX_LANGUAGE_STANDARD = "gnu++0x";
				CLANG_CXX_LIBRARY = "libc++";
				CLANG_ENABLE_MODULES = YES;
				CLANG_ENABLE_OBJC_ARC = YES;
				CLANG_WARN_BOOL_CONVERSION = YES;
				CLANG_WARN_CONSTANT_CONVERSION = YES;
				CLANG_WARN_DIRECT_OBJC_ISA_USAGE = YES_ERROR;
				CLANG_WARN_EMPTY_BODY = YES;
				CLANG_WARN_ENUM_CONVERSION = YES;
				CLANG_WARN_INT_CONVERSION = YES;
				CLANG_WARN_OBJC_ROOT_CLASS = YES_ERROR;
				CLANG_WARN_UNREACHABLE_CODE = YES;
				CLANG_WARN__DUPLICATE_METHOD_MATCH = YES;
				"CODE_SIGN_IDENTITY[sdk=iphoneos*]" = "iPhone Developer";
				COPY_PHASE_STRIP = NO;
				DEBUG_INFORMATION_FORMAT = "dwarf-with-dsym";
				ENABLE_STRICT_OBJC_MSGSEND = YES;
				GCC_C_LANGUAGE_STANDARD = gnu99;
				GCC_DYNAMIC_NO_PIC = NO;
				GCC_NO_COMMON_BLOCKS = YES;
				GCC_OPTIMIZATION_LEVEL = 0;
				GCC_PREPROCESSOR_DEFINITIONS = (
					"DEBUG=1",
					"$(inherited)",
				);
				GCC_SYMBOLS_PRIVATE_EXTERN = NO;
				GCC_WARN_64_TO_32_BIT_CONVERSION = YES;
				GCC_WARN_ABOUT_RETURN_TYPE = YES_ERROR;
				GCC_WARN_UNDECLARED_SELECTOR = YES;
				GCC_WARN_UNINITIALIZED_AUTOS = YES_AGGRESSIVE;
				GCC_WARN_UNUSED_FUNCTION = YES;
				GCC_WARN_UNUSED_VARIABLE = YES;
				IPHONEOS_DEPLOYMENT_TARGET = 8.3;
				"LIBRARY_SEARCH_PATHS[arch=*]" = "";
				MTL_ENABLE_DEBUG_INFO = YES;
				ONLY_ACTIVE_ARCH = YES;
				SDKROOT = iphoneos;
				SWIFT_OBJC_BRIDGING_HEADER = "Terserah/Terserah-Bridging-Header.h";
				SWIFT_OPTIMIZATION_LEVEL = "-Onone";
				TARGETED_DEVICE_FAMILY = "1,2";
				USER_HEADER_SEARCH_PATHS = "Pods/**";
			};
			name = Debug;
		};
		8937B4271B55505700AD568F /* Release */ = {
			isa = XCBuildConfiguration;
			buildSettings = {
				ALWAYS_SEARCH_USER_PATHS = NO;
				CLANG_CXX_LANGUAGE_STANDARD = "gnu++0x";
				CLANG_CXX_LIBRARY = "libc++";
				CLANG_ENABLE_MODULES = YES;
				CLANG_ENABLE_OBJC_ARC = YES;
				CLANG_WARN_BOOL_CONVERSION = YES;
				CLANG_WARN_CONSTANT_CONVERSION = YES;
				CLANG_WARN_DIRECT_OBJC_ISA_USAGE = YES_ERROR;
				CLANG_WARN_EMPTY_BODY = YES;
				CLANG_WARN_ENUM_CONVERSION = YES;
				CLANG_WARN_INT_CONVERSION = YES;
				CLANG_WARN_OBJC_ROOT_CLASS = YES_ERROR;
				CLANG_WARN_UNREACHABLE_CODE = YES;
				CLANG_WARN__DUPLICATE_METHOD_MATCH = YES;
				"CODE_SIGN_IDENTITY[sdk=iphoneos*]" = "iPhone Developer";
				COPY_PHASE_STRIP = NO;
				DEBUG_INFORMATION_FORMAT = "dwarf-with-dsym";
				ENABLE_NS_ASSERTIONS = NO;
				ENABLE_STRICT_OBJC_MSGSEND = YES;
				GCC_C_LANGUAGE_STANDARD = gnu99;
				GCC_NO_COMMON_BLOCKS = YES;
				GCC_WARN_64_TO_32_BIT_CONVERSION = YES;
				GCC_WARN_ABOUT_RETURN_TYPE = YES_ERROR;
				GCC_WARN_UNDECLARED_SELECTOR = YES;
				GCC_WARN_UNINITIALIZED_AUTOS = YES_AGGRESSIVE;
				GCC_WARN_UNUSED_FUNCTION = YES;
				GCC_WARN_UNUSED_VARIABLE = YES;
				IPHONEOS_DEPLOYMENT_TARGET = 8.3;
				MTL_ENABLE_DEBUG_INFO = NO;
				SDKROOT = iphoneos;
				SWIFT_OBJC_BRIDGING_HEADER = "Terserah/Terserah-Bridging-Header.h";
				TARGETED_DEVICE_FAMILY = "1,2";
				USER_HEADER_SEARCH_PATHS = "Pods/**";
				VALIDATE_PRODUCT = YES;
			};
			name = Release;
		};
		8937B4291B55505700AD568F /* Debug */ = {
			isa = XCBuildConfiguration;
			baseConfigurationReference = 4C5234D27C52A3C567B07947 /* Pods.debug.xcconfig */;
			buildSettings = {
				ASSETCATALOG_COMPILER_APPICON_NAME = AppIcon;
				FRAMEWORK_SEARCH_PATHS = (
					"$(inherited)",
					"$(PROJECT_DIR)/build/Debug-iphoneos",
					"$(PROJECT_DIR)/build/Debug-iphoneos/Pods-Terserah",
				);
				INFOPLIST_FILE = Terserah/Info.plist;
				IPHONEOS_DEPLOYMENT_TARGET = 8.3;
				LD_RUNPATH_SEARCH_PATHS = "$(inherited) @executable_path/Frameworks";
				OTHER_LDFLAGS = (
					"$(inherited)",
					"-ObjC",
					"-l\"Pods-AFNetworking\"",
					"-l\"Pods-BDBOAuth1Manager\"",
					"-framework",
					"\"CoreGraphics\"",
					"-framework",
					"\"MobileCoreServices\"",
					"-framework",
					"\"Security\"",
					"-framework",
					"\"SystemConfiguration\"",
				);
				PRODUCT_NAME = "$(TARGET_NAME)";
			};
			name = Debug;
		};
		8937B42A1B55505700AD568F /* Release */ = {
			isa = XCBuildConfiguration;
			baseConfigurationReference = A3AFB9A3C8ADA31BAC78FA4B /* Pods.release.xcconfig */;
			buildSettings = {
				ASSETCATALOG_COMPILER_APPICON_NAME = AppIcon;
				FRAMEWORK_SEARCH_PATHS = (
					"$(inherited)",
					"$(PROJECT_DIR)/build/Debug-iphoneos",
					"$(PROJECT_DIR)/build/Debug-iphoneos/Pods-Terserah",
				);
				INFOPLIST_FILE = Terserah/Info.plist;
				IPHONEOS_DEPLOYMENT_TARGET = 8.3;
				LD_RUNPATH_SEARCH_PATHS = "$(inherited) @executable_path/Frameworks";
				PRODUCT_NAME = "$(TARGET_NAME)";
			};
			name = Release;
		};
		8937B42C1B55505700AD568F /* Debug */ = {
			isa = XCBuildConfiguration;
			buildSettings = {
				BUNDLE_LOADER = "$(TEST_HOST)";
				FRAMEWORK_SEARCH_PATHS = (
					"$(SDKROOT)/Developer/Library/Frameworks",
					"$(inherited)",
				);
				GCC_PREPROCESSOR_DEFINITIONS = (
					"DEBUG=1",
					"$(inherited)",
				);
				INFOPLIST_FILE = TerserahTests/Info.plist;
				LD_RUNPATH_SEARCH_PATHS = "$(inherited) @executable_path/Frameworks @loader_path/Frameworks";
				PRODUCT_NAME = "$(TARGET_NAME)";
				TEST_HOST = "$(BUILT_PRODUCTS_DIR)/Terserah.app/Terserah";
			};
			name = Debug;
		};
		8937B42D1B55505700AD568F /* Release */ = {
			isa = XCBuildConfiguration;
			buildSettings = {
				BUNDLE_LOADER = "$(TEST_HOST)";
				FRAMEWORK_SEARCH_PATHS = (
					"$(SDKROOT)/Developer/Library/Frameworks",
					"$(inherited)",
				);
				INFOPLIST_FILE = TerserahTests/Info.plist;
				LD_RUNPATH_SEARCH_PATHS = "$(inherited) @executable_path/Frameworks @loader_path/Frameworks";
				PRODUCT_NAME = "$(TARGET_NAME)";
				TEST_HOST = "$(BUILT_PRODUCTS_DIR)/Terserah.app/Terserah";
			};
			name = Release;
		};
/* End XCBuildConfiguration section */

/* Begin XCConfigurationList section */
		8937B4011B55505700AD568F /* Build configuration list for PBXProject "Terserah" */ = {
			isa = XCConfigurationList;
			buildConfigurations = (
				8937B4261B55505700AD568F /* Debug */,
				8937B4271B55505700AD568F /* Release */,
			);
			defaultConfigurationIsVisible = 0;
			defaultConfigurationName = Debug;
		};
		8937B4281B55505700AD568F /* Build configuration list for PBXNativeTarget "Terserah" */ = {
			isa = XCConfigurationList;
			buildConfigurations = (
				8937B4291B55505700AD568F /* Debug */,
				8937B42A1B55505700AD568F /* Release */,
			);
			defaultConfigurationIsVisible = 0;
			defaultConfigurationName = Debug;
		};
		8937B42B1B55505700AD568F /* Build configuration list for PBXNativeTarget "TerserahTests" */ = {
			isa = XCConfigurationList;
			buildConfigurations = (
				8937B42C1B55505700AD568F /* Debug */,
				8937B42D1B55505700AD568F /* Release */,
			);
			defaultConfigurationIsVisible = 0;
			defaultConfigurationName = Debug;
		};
/* End XCConfigurationList section */

/* Begin XCVersionGroup section */
		8937B40D1B55505700AD568F /* Terserah.xcdatamodeld */ = {
			isa = XCVersionGroup;
			children = (
				8937B40E1B55505700AD568F /* Terserah.xcdatamodel */,
			);
			currentVersion = 8937B40E1B55505700AD568F /* Terserah.xcdatamodel */;
			path = Terserah.xcdatamodeld;
			sourceTree = "<group>";
			versionGroupType = wrapper.xcdatamodel;
		};
/* End XCVersionGroup section */
	};
	rootObject = 8937B3FE1B55505700AD568F /* Project object */;
}
